
Microsoft Visual Studio Solution File, Format Version 12.00
# Visual Studio Version 16
VisualStudioVersion = 16.0.31005.135
MinimumVisualStudioVersion = 10.0.40219.1
Project("{9A19103F-16F7-4668-BE54-9A1E7A4F7556}") = "ArithmeticTree", "ArithmeticTree\ArithmeticTree.csproj", "{18C8B293-0BE9-4800-83AE-78E2E6E73385}"
EndProject
Project("{FAE04EC0-301F-11D3-BF4B-00C04F79EFBC}") = "ArithmeticTreeTests", "ArithmeticTreeTests\ArithmeticTreeTests.csproj", "{17D2A61C-1B59-460C-85BA-AF8367EC3AEC}"
EndProject
Global
	GlobalSection(SolutionConfigurationPlatforms) = preSolution
		Debug|Any CPU = Debug|Any CPU
		Release|Any CPU = Release|Any CPU
	EndGlobalSection
	GlobalSection(ProjectConfigurationPlatforms) = postSolution
		{18C8B293-0BE9-4800-83AE-78E2E6E73385}.Debug|Any CPU.ActiveCfg = Debug|Any CPU
		{18C8B293-0BE9-4800-83AE-78E2E6E73385}.Debug|Any CPU.Build.0 = Debug|Any CPU
		{18C8B293-0BE9-4800-83AE-78E2E6E73385}.Release|Any CPU.ActiveCfg = Release|Any CPU
		{18C8B293-0BE9-4800-83AE-78E2E6E73385}.Release|Any CPU.Build.0 = Release|Any CPU
		{17D2A61C-1B59-460C-85BA-AF8367EC3AEC}.Debug|Any CPU.ActiveCfg = Debug|Any CPU
		{17D2A61C-1B59-460C-85BA-AF8367EC3AEC}.Debug|Any CPU.Build.0 = Debug|Any CPU
		{17D2A61C-1B59-460C-85BA-AF8367EC3AEC}.Release|Any CPU.ActiveCfg = Release|Any CPU
		{17D2A61C-1B59-460C-85BA-AF8367EC3AEC}.Release|Any CPU.Build.0 = Release|Any CPU
	EndGlobalSection
	GlobalSection(SolutionProperties) = preSolution
		HideSolutionNode = FALSE
	EndGlobalSection
	GlobalSection(ExtensibilityGlobals) = postSolution
		SolutionGuid = {222D5C73-74F8-42D3-8608-E3E8BF3B6183}
	EndGlobalSection
EndGlobal
