
Microsoft Visual Studio Solution File, Format Version 12.00
# Visual Studio Version 16
VisualStudioVersion = 16.0.31005.135
MinimumVisualStudioVersion = 10.0.40219.1
Project("{FAE04EC0-301F-11D3-BF4B-00C04F79EFBC}") = "BWTAlgorithm", "BWTAlgorithm\BWTAlgorithm.csproj", "{18347CAD-98B9-48AD-9136-203252EED9EE}"
EndProject
Global
	GlobalSection(SolutionConfigurationPlatforms) = preSolution
		Debug|Any CPU = Debug|Any CPU
		Release|Any CPU = Release|Any CPU
	EndGlobalSection
	GlobalSection(ProjectConfigurationPlatforms) = postSolution
		{18347CAD-98B9-48AD-9136-203252EED9EE}.Debug|Any CPU.ActiveCfg = Debug|Any CPU
		{18347CAD-98B9-48AD-9136-203252EED9EE}.Debug|Any CPU.Build.0 = Debug|Any CPU
		{18347CAD-98B9-48AD-9136-203252EED9EE}.Release|Any CPU.ActiveCfg = Release|Any CPU
		{18347CAD-98B9-48AD-9136-203252EED9EE}.Release|Any CPU.Build.0 = Release|Any CPU
	EndGlobalSection
	GlobalSection(SolutionProperties) = preSolution
		HideSolutionNode = FALSE
	EndGlobalSection
	GlobalSection(ExtensibilityGlobals) = postSolution
		SolutionGuid = {37B34C9C-771A-414E-AD2C-5CBD71EEAF7E}
	EndGlobalSection
EndGlobal
