
Microsoft Visual Studio Solution File, Format Version 12.00
# Visual Studio Version 16
VisualStudioVersion = 16.0.31005.135
MinimumVisualStudioVersion = 10.0.40219.1
Project("{FAE04EC0-301F-11D3-BF4B-00C04F79EFBC}") = "LZWProgram", "LZWProgram\LZWProgram.csproj", "{C00FF8A6-00E7-4810-8246-B52947EC1ACF}"
EndProject
Global
	GlobalSection(SolutionConfigurationPlatforms) = preSolution
		Debug|Any CPU = Debug|Any CPU
		Release|Any CPU = Release|Any CPU
	EndGlobalSection
	GlobalSection(ProjectConfigurationPlatforms) = postSolution
		{C00FF8A6-00E7-4810-8246-B52947EC1ACF}.Debug|Any CPU.ActiveCfg = Debug|Any CPU
		{C00FF8A6-00E7-4810-8246-B52947EC1ACF}.Debug|Any CPU.Build.0 = Debug|Any CPU
		{C00FF8A6-00E7-4810-8246-B52947EC1ACF}.Release|Any CPU.ActiveCfg = Release|Any CPU
		{C00FF8A6-00E7-4810-8246-B52947EC1ACF}.Release|Any CPU.Build.0 = Release|Any CPU
	EndGlobalSection
	GlobalSection(SolutionProperties) = preSolution
		HideSolutionNode = FALSE
	EndGlobalSection
	GlobalSection(ExtensibilityGlobals) = postSolution
		SolutionGuid = {64360C2F-EE84-4E74-8585-2766DF95C774}
	EndGlobalSection
EndGlobal
