
Microsoft Visual Studio Solution File, Format Version 12.00
# Visual Studio Version 16
VisualStudioVersion = 16.0.31005.135
MinimumVisualStudioVersion = 10.0.40219.1
Project("{FAE04EC0-301F-11D3-BF4B-00C04F79EFBC}") = "StackCalcAppVeyor", "StackCalcAppVeyor\StackCalcAppVeyor.csproj", "{DD121C0E-AEFA-485D-B124-CA0007582A57}"
EndProject
Project("{FAE04EC0-301F-11D3-BF4B-00C04F79EFBC}") = "StackCalcTests", "StackCalcTests\StackCalcTests.csproj", "{B5559CD4-4119-4B7C-8B77-BEE8D5D07080}"
EndProject
Global
	GlobalSection(SolutionConfigurationPlatforms) = preSolution
		Debug|Any CPU = Debug|Any CPU
		Release|Any CPU = Release|Any CPU
	EndGlobalSection
	GlobalSection(ProjectConfigurationPlatforms) = postSolution
		{DD121C0E-AEFA-485D-B124-CA0007582A57}.Debug|Any CPU.ActiveCfg = Debug|Any CPU
		{DD121C0E-AEFA-485D-B124-CA0007582A57}.Debug|Any CPU.Build.0 = Debug|Any CPU
		{DD121C0E-AEFA-485D-B124-CA0007582A57}.Release|Any CPU.ActiveCfg = Release|Any CPU
		{DD121C0E-AEFA-485D-B124-CA0007582A57}.Release|Any CPU.Build.0 = Release|Any CPU
		{B5559CD4-4119-4B7C-8B77-BEE8D5D07080}.Debug|Any CPU.ActiveCfg = Debug|Any CPU
		{B5559CD4-4119-4B7C-8B77-BEE8D5D07080}.Debug|Any CPU.Build.0 = Debug|Any CPU
		{B5559CD4-4119-4B7C-8B77-BEE8D5D07080}.Release|Any CPU.ActiveCfg = Release|Any CPU
		{B5559CD4-4119-4B7C-8B77-BEE8D5D07080}.Release|Any CPU.Build.0 = Release|Any CPU
	EndGlobalSection
	GlobalSection(SolutionProperties) = preSolution
		HideSolutionNode = FALSE
	EndGlobalSection
	GlobalSection(ExtensibilityGlobals) = postSolution
		SolutionGuid = {A72FAFF6-9D8A-48F6-8984-3312B8A7428B}
	EndGlobalSection
EndGlobal
